
Microsoft Visual Studio Solution File, Format Version 12.00
# Visual Studio Version 17
VisualStudioVersion = 17.5.33516.290
MinimumVisualStudioVersion = 10.0.40219.1
Project("{FAE04EC0-301F-11D3-BF4B-00C04F79EFBC}") = "CashRegisterNStock.API", "CashRegisterNStock.API\CashRegisterNStock.API.csproj", "{2512E437-B3D2-4D18-A200-FF34CBEB0C3B}"
EndProject
Project("{FAE04EC0-301F-11D3-BF4B-00C04F79EFBC}") = "CashRegisterNStock.DAL", "CashRegisterNStock.DAL\CashRegisterNStock.DAL.csproj", "{E569E7B2-8363-45F6-A67E-3BE8BF3E8EC4}"
EndProject
Project("{FAE04EC0-301F-11D3-BF4B-00C04F79EFBC}") = "CashRegisterNStock.BLL", "CashRegisterNStock.BLL\CashRegisterNStock.BLL.csproj", "{A149C807-1340-466D-859E-22043FB99D12}"
EndProject
Global
	GlobalSection(SolutionConfigurationPlatforms) = preSolution
		Debug|Any CPU = Debug|Any CPU
		Release|Any CPU = Release|Any CPU
	EndGlobalSection
	GlobalSection(ProjectConfigurationPlatforms) = postSolution
		{2512E437-B3D2-4D18-A200-FF34CBEB0C3B}.Debug|Any CPU.ActiveCfg = Debug|Any CPU
		{2512E437-B3D2-4D18-A200-FF34CBEB0C3B}.Debug|Any CPU.Build.0 = Debug|Any CPU
		{2512E437-B3D2-4D18-A200-FF34CBEB0C3B}.Release|Any CPU.ActiveCfg = Release|Any CPU
		{2512E437-B3D2-4D18-A200-FF34CBEB0C3B}.Release|Any CPU.Build.0 = Release|Any CPU
		{E569E7B2-8363-45F6-A67E-3BE8BF3E8EC4}.Debug|Any CPU.ActiveCfg = Debug|Any CPU
		{E569E7B2-8363-45F6-A67E-3BE8BF3E8EC4}.Debug|Any CPU.Build.0 = Debug|Any CPU
		{E569E7B2-8363-45F6-A67E-3BE8BF3E8EC4}.Release|Any CPU.ActiveCfg = Release|Any CPU
		{E569E7B2-8363-45F6-A67E-3BE8BF3E8EC4}.Release|Any CPU.Build.0 = Release|Any CPU
		{A149C807-1340-466D-859E-22043FB99D12}.Debug|Any CPU.ActiveCfg = Debug|Any CPU
		{A149C807-1340-466D-859E-22043FB99D12}.Debug|Any CPU.Build.0 = Debug|Any CPU
		{A149C807-1340-466D-859E-22043FB99D12}.Release|Any CPU.ActiveCfg = Release|Any CPU
		{A149C807-1340-466D-859E-22043FB99D12}.Release|Any CPU.Build.0 = Release|Any CPU
	EndGlobalSection
	GlobalSection(SolutionProperties) = preSolution
		HideSolutionNode = FALSE
	EndGlobalSection
	GlobalSection(ExtensibilityGlobals) = postSolution
		SolutionGuid = {533972A0-D8AB-41F1-9E16-249F108F9938}
	EndGlobalSection
EndGlobal
